
Microsoft Visual Studio Solution File, Format Version 12.00
# Visual Studio Version 17
VisualStudioVersion = 17.14.36310.24
MinimumVisualStudioVersion = 10.0.40219.1
Project("{FAE04EC0-301F-11D3-BF4B-00C04F79EFBC}") = "DatevSharp.EXIF", "DatevSharp.EXIF\DatevSharp.EXIF.csproj", "{5AF300AD-0AF0-4AC0-995F-584AB06ED3B6}"
EndProject
Project("{FAE04EC0-301F-11D3-BF4B-00C04F79EFBC}") = "DatevSharp.Tests", "DatevSharp.Tests\DatevSharp.Tests.csproj", "{76BED4C0-A603-4848-B1F4-96BEC0E8A6FC}"
EndProject
Project("{FAE04EC0-301F-11D3-BF4B-00C04F79EFBC}") = "DatevSharp.CSV.Helper", "DatevSharp.CSV.Helper\DatevSharp.CSV.Helper.csproj", "{103CE2EB-1289-4ED8-B33B-9E378A166406}"
EndProject
Global
	GlobalSection(SolutionConfigurationPlatforms) = preSolution
		Debug|Any CPU = Debug|Any CPU
		Release|Any CPU = Release|Any CPU
	EndGlobalSection
	GlobalSection(ProjectConfigurationPlatforms) = postSolution
		{5AF300AD-0AF0-4AC0-995F-584AB06ED3B6}.Debug|Any CPU.ActiveCfg = Debug|Any CPU
		{5AF300AD-0AF0-4AC0-995F-584AB06ED3B6}.Debug|Any CPU.Build.0 = Debug|Any CPU
		{5AF300AD-0AF0-4AC0-995F-584AB06ED3B6}.Release|Any CPU.ActiveCfg = Release|Any CPU
		{5AF300AD-0AF0-4AC0-995F-584AB06ED3B6}.Release|Any CPU.Build.0 = Release|Any CPU
		{76BED4C0-A603-4848-B1F4-96BEC0E8A6FC}.Debug|Any CPU.ActiveCfg = Debug|Any CPU
		{76BED4C0-A603-4848-B1F4-96BEC0E8A6FC}.Debug|Any CPU.Build.0 = Debug|Any CPU
		{76BED4C0-A603-4848-B1F4-96BEC0E8A6FC}.Release|Any CPU.ActiveCfg = Release|Any CPU
		{76BED4C0-A603-4848-B1F4-96BEC0E8A6FC}.Release|Any CPU.Build.0 = Release|Any CPU
		{103CE2EB-1289-4ED8-B33B-9E378A166406}.Debug|Any CPU.ActiveCfg = Debug|Any CPU
		{103CE2EB-1289-4ED8-B33B-9E378A166406}.Debug|Any CPU.Build.0 = Debug|Any CPU
		{103CE2EB-1289-4ED8-B33B-9E378A166406}.Release|Any CPU.ActiveCfg = Release|Any CPU
		{103CE2EB-1289-4ED8-B33B-9E378A166406}.Release|Any CPU.Build.0 = Release|Any CPU
	EndGlobalSection
	GlobalSection(SolutionProperties) = preSolution
		HideSolutionNode = FALSE
	EndGlobalSection
	GlobalSection(ExtensibilityGlobals) = postSolution
		SolutionGuid = {0ED4CC30-C5FA-41F2-BCF1-478AEC28E042}
	EndGlobalSection
EndGlobal
